{
    "_meta": {
        "hash": {
            "sha256": "cd06d754abe7c08f8c4a8287c8c55a7c798ce60eeb6f21528f46a9c54e176bc4"
        },
        "pipfile-spec": 6,
        "requires": {
            "python_version": "3"
        },
        "sources": [
            {
                "name": "pypi",
                "url": "https://pypi.org/simple",
                "verify_ssl": true
            }
        ]
    },
    "default": {
        "cbvadmin": {
            "git": "https://github.com/roldaojr/cbvadmin",
            "ref": "28ecccd0593cb3e9742f06195bf5ba306625434a"
        },
        "cbvadmin-semantic-ui": {
            "git": "https://github.com/roldaojr/cbvadmin-semantic-ui",
            "ref": "ac59d0c0d42a99414a7e002f66f6975636ab2a81"
        },
        "certifi": {
            "hashes": [
                "sha256:1a4995114262bffbc2413b159f2a1a480c969de6e6eb13ee966d470af86af59c",
                "sha256:719a74fb9e33b9bd44cc7f3a8d94bc35e4049deebe19ba7d8e108280cfd59830"
            ],
            "version": "==2020.12.5"
        },
        "chardet": {
            "hashes": [
                "sha256:0d6f53a15db4120f2b08c94f11e7d93d2c911ee118b6b30a04ec3ee8310179fa",
                "sha256:f864054d66fd9118f2e67044ac8981a54775ec5b67aed0441892edb553d21da5"
            ],
            "version": "==4.0.0"
        },
        "diff-match-patch": {
            "hashes": [
                "sha256:8bf9d9c4e059d917b5c6312bac0c137971a32815ddbda9c682b949f2986b4d34",
                "sha256:da6f5a01aa586df23dfc89f3827e1cafbb5420be9d87769eeb079ddfd9477a18"
            ],
            "version": "==20200713"
        },
        "django": {
            "hashes": [
                "sha256:0292a7ad7d8ffc9cfc6a77f043d2e81f5bbc360c0c4a1686e130ef3432437d23",
                "sha256:e89f613e3c1f7ff245ffee3560472f9fa9c07060b11f65e1de3cb763f8dcd4b9"
            ],
            "index": "pypi",
            "version": "==2.0.10"
        },
        "django-appconf": {
            "hashes": [
                "sha256:1b1d0e1069c843ebe8ae5aa48ec52403b1440402b320c3e3a206a0907e97bb06",
                "sha256:be58deb54a43d77d2e1621fe59f787681376d3cd0b8bd8e4758ef6c3a6453380"
            ],
            "version": "==1.0.4"
        },
        "django-attachments": {
            "hashes": [
                "sha256:08e227e40ee6b4851501212af2f723fb73f174436d4ff2bf4ced8ca4bf9b93ca",
                "sha256:20a958d94a7a8b0218c76ac497f58ec32204241bd7e78c42da9c225e28d9dbb3"
            ],
            "index": "pypi",
            "version": "==1.3.1"
        },
        "django-choices": {
            "hashes": [
                "sha256:2fef111e41f8058f4433905b126227720a912f0746aa783ca67b794fd3d68c73",
                "sha256:79a026d86758451394d1eda758f384f0724aacc8c4b29d9d28a6cccc554f51d4"
            ],
            "index": "pypi",
            "version": "==1.6.2"
        },
        "django-dbtemplates": {
            "hashes": [
                "sha256:9f63208bde2b3395b1adf8dfbf8f405a2cc3b082652faa16d32ecebc0e20d72b",
                "sha256:d17d01264277c6a744604e1fae52678c238d0695c47f67a6982f49b65cd117d6"
            ],
            "index": "pypi",
            "version": "==2.0"
        },
        "django-dynamic-preferences": {
            "hashes": [
                "sha256:0ec6159e242d195959366632374c9f43c3cf07b489a3e030f2b71e465fb1fb47",
                "sha256:8b1dc638306fb6830bc928d991789a0bb741308a05a38b3746032871e7e0af5d"
            ],
            "index": "pypi",
            "version": "==1.7"
        },
        "django-environ": {
            "hashes": [
                "sha256:6c9d87660142608f63ec7d5ce5564c49b603ea8ff25da595fd6098f6dc82afde",
                "sha256:c57b3c11ec1f319d9474e3e5a79134f40174b17c7cc024bbb2fad84646b120c4"
            ],
            "index": "pypi",
            "version": "==0.4.5"
        },
        "django-extra-views": {
            "hashes": [
                "sha256:27e0ad5ce349abe455504badee837060e8508032fcfe1dfaee115d21b775a383"
            ],
            "index": "pypi",
            "version": "==0.12.0"
        },
        "django-import-export": {
            "hashes": [
                "sha256:830824f79aae39e4212bb03aabdd83dc57931420557b757981cf6add8d07e611",
                "sha256:99fae7d963af4ade97af9237a843f250312421fa4ee350a3b735fcc5684c3fb5"
            ],
            "index": "pypi",
            "version": "==1.2.0"
        },
        "django-localflavor": {
            "hashes": [
                "sha256:0cee94c4b8f0214a5ba7be7e935019a8c062f4e7726d1df4b1e453cb812b2039",
                "sha256:12ce98b13adcd68bb4babcd937d0ae5a0fd5801f71acaf9a6bf1784c218ef53c"
            ],
            "index": "pypi",
            "version": "==2.1"
        },
        "django-pagseguro2": {
            "hashes": [
                "sha256:3bfcff0debb15354659823ec290647beba3a2a4143d738c63cbe89bb0d33139b",
                "sha256:65604dd7bb0cbe7454076c6c4a4d7b627012683d8c97757995079630d18efb3b"
            ],
            "index": "pypi",
            "version": "==2.0.4"
        },
        "django-paypal": {
            "hashes": [
                "sha256:03f82eafadd0edc78b59edc5985bdbd5f956c083d77d5f17ca787ead12b75618",
                "sha256:352877bdde17a6d61d77ab233aa209789163ae50031ba8b002b80f5512ebf64d"
            ],
            "index": "pypi",
            "version": "==0.5.0"
        },
        "django-registration-redux": {
            "hashes": [
                "sha256:ff5c8b74784acbf8ded24a6aa04607046f34e92659f278c4e143bc6a454361d1"
            ],
            "index": "pypi",
            "version": "==2.5"
        },
        "django-select2": {
            "hashes": [
                "sha256:7e5a3da54332cb94174a91e0a03177ce44c152049b0876424ba81fc805dbb89f",
                "sha256:f93b5b626e5c0e8ced24e1e31027eb4850649216e4132cdc3f3880c0bed241c9"
            ],
            "index": "pypi",
            "version": "==6.3.1"
        },
        "django-sfp": {
            "hashes": [
                "sha256:9e77f9cee3c2dd1e61e16c1d722622c55cdd08fb312770e9ce1bafe54075792f"
            ],
            "index": "pypi",
            "version": "==0.6"
        },
        "django-shortuuidfield": {
            "hashes": [
                "sha256:a292c0fe5538abe947b131e2b914edd9ac44afcc6a40eaec71448e6231a3ef00"
            ],
            "index": "pypi",
            "version": "==0.1.3"
        },
        "factory-boy": {
            "hashes": [
                "sha256:6f25cc4761ac109efd503f096e2ad99421b1159f01a29dbb917359dcd68e08ca",
                "sha256:d552cb872b310ae78bd7429bf318e42e1e903b1a109e899a523293dfa762ea4f"
            ],
            "index": "pypi",
            "version": "==2.11.1"
        },
        "faker": {
            "hashes": [
                "sha256:16342dca4d92bfc83bab6a7daf6650e0ab087605a66bc38f17523fdb01757910",
                "sha256:d871ea315b2dcba9138b8344f2c131a76ac62d6227ca39f69b0c889fec97376c"
            ],
            "index": "pypi",
            "version": "==1.0.2"
        },
        "gunicorn": {
            "hashes": [
                "sha256:aa8e0b40b4157b36a5df5e599f45c9c76d6af43845ba3b3b0efe2c70473c2471",
                "sha256:fa2662097c66f920f53f70621c6c58ca4a3c4d3434205e608e121b5b3b71f4f3"
            ],
            "index": "pypi",
            "version": "==19.9.0"
        },
        "idna": {
            "hashes": [
                "sha256:b307872f855b18632ce0c21c5e45be78c0ea7ae4c15c828c20788b26921eb3f6",
                "sha256:b97d804b1e9b523befed77c48dacec60e6dcb0b5391d57af6a65a312a90648c0"
            ],
            "version": "==2.10"
        },
        "mysqlclient": {
            "hashes": [
                "sha256:1e85e48b167e2af3bb08f273fdbd1ad6401cbe75057fa6513f97387dc7b282dc",
                "sha256:2d9ec33de39f4d9c64ad7322ede0521d85829ce36a76f9dd3d6ab76a9c8648e5",
                "sha256:371df79d000af56b4e540b7ce2120d1c9afb04b751bfce25a1eb609c50fd10ff",
                "sha256:b3b1a7e4468180afb79289b54069d9499242946a4cedf3928cbf6b2a13800016",
                "sha256:d56e379c03efad746e84705cbb97401f60d1f98b05e11a27f2d9c2d043936974"
            ],
            "index": "pypi",
            "version": "==1.3.12"
        },
        "persisting-theory": {
            "hashes": [
                "sha256:00ff7dcc8f481ff75c770ca5797d968e8725b6df1f77fe0cf7d20fa1e5790c0a"
            ],
            "version": "==0.2.1"
        },
        "pillow": {
            "hashes": [
                "sha256:051de330a06c99d6f84bcf582960487835bcae3fc99365185dc2d4f65a390c0e",
                "sha256:0ae5289948c5e0a16574750021bd8be921c27d4e3527800dc9c2c1d2abc81bf7",
                "sha256:0b1efce03619cdbf8bcc61cfae81fcda59249a469f31c6735ea59badd4a6f58a",
                "sha256:163136e09bd1d6c6c6026b0a662976e86c58b932b964f255ff384ecc8c3cefa3",
                "sha256:18e912a6ccddf28defa196bd2021fe33600cbe5da1aa2f2e2c6df15f720b73d1",
                "sha256:24ec3dea52339a610d34401d2d53d0fb3c7fd08e34b20c95d2ad3973193591f1",
                "sha256:267f8e4c0a1d7e36e97c6a604f5b03ef58e2b81c1becb4fccecddcb37e063cc7",
                "sha256:3273a28734175feebbe4d0a4cde04d4ed20f620b9b506d26f44379d3c72304e1",
                "sha256:4c678e23006798fc8b6f4cef2eaad267d53ff4c1779bd1af8725cc11b72a63f3",
                "sha256:4d4bc2e6bb6861103ea4655d6b6f67af8e5336e7216e20fff3e18ffa95d7a055",
                "sha256:505738076350a337c1740a31646e1de09a164c62c07db3b996abdc0f9d2e50cf",
                "sha256:5233664eadfa342c639b9b9977190d64ad7aca4edc51a966394d7e08e7f38a9f",
                "sha256:5d95cb9f6cced2628f3e4de7e795e98b2659dfcc7176ab4a01a8b48c2c2f488f",
                "sha256:7eda4c737637af74bac4b23aa82ea6fbb19002552be85f0b89bc27e3a762d239",
                "sha256:801ddaa69659b36abf4694fed5aa9f61d1ecf2daaa6c92541bbbbb775d97b9fe",
                "sha256:825aa6d222ce2c2b90d34a0ea31914e141a85edefc07e17342f1d2fdf121c07c",
                "sha256:9c215442ff8249d41ff58700e91ef61d74f47dfd431a50253e1a1ca9436b0697",
                "sha256:a3d90022f2202bbb14da991f26ca7a30b7e4c62bf0f8bf9825603b22d7e87494",
                "sha256:a631fd36a9823638fe700d9225f9698fb59d049c942d322d4c09544dc2115356",
                "sha256:a6523a23a205be0fe664b6b8747a5c86d55da960d9586db039eec9f5c269c0e6",
                "sha256:a756ecf9f4b9b3ed49a680a649af45a8767ad038de39e6c030919c2f443eb000",
                "sha256:b117287a5bdc81f1bac891187275ec7e829e961b8032c9e5ff38b70fd036c78f",
                "sha256:ba04f57d1715ca5ff74bb7f8a818bf929a204b3b3c2c2826d1e1cc3b1c13398c",
                "sha256:cd878195166723f30865e05d87cbaf9421614501a4bd48792c5ed28f90fd36ca",
                "sha256:cee815cc62d136e96cf76771b9d3eb58e0777ec18ea50de5cfcede8a7c429aa8",
                "sha256:d1722b7aa4b40cf93ac3c80d3edd48bf93b9208241d166a14ad8e7a20ee1d4f3",
                "sha256:d7c1c06246b05529f9984435fc4fa5a545ea26606e7f450bdbe00c153f5aeaad",
                "sha256:e9c8066249c040efdda84793a2a669076f92a301ceabe69202446abb4c5c5ef9",
                "sha256:f227d7e574d050ff3996049e086e1f18c7bd2d067ef24131e50a1d3fe5831fbc",
                "sha256:fc9a12aad714af36cf3ad0275a96a733526571e52710319855628f476dcb144e"
            ],
            "index": "pypi",
            "version": "==5.4.1"
        },
        "pyaml": {
            "hashes": [
                "sha256:39470e99cfb7a0ef79e593fee626328283cd6d1a9c23c7e30f0d3a6933f3a235",
                "sha256:b96292cc409e0f222b6fecff96afd2e19cfab5d1f2606344907751d42301263a"
            ],
            "index": "pypi",
            "version": "==18.11.0"
        },
        "python-dateutil": {
            "hashes": [
                "sha256:73ebfe9dbf22e832286dafa60473e4cd239f8592f699aa5adaf10050e6e1823c",
                "sha256:75bb3f31ea686f1197762692a9ee6a7550b59fc6ca3a1f4b5d7e32fb98e2da2a"
            ],
            "version": "==2.8.1"
        },
        "pytz": {
            "hashes": [
                "sha256:83a4a90894bf38e243cf052c8b58f381bfe9a7a483f6a9cab140bc7f702ac4da",
                "sha256:eb10ce3e7736052ed3623d49975ce333bcd712c7bb19a58b9e2089d4057d0798"
            ],
            "version": "==2021.1"
        },
        "pyyaml": {
            "hashes": [
                "sha256:02c78d77281d8f8d07a255e57abdbf43b02257f59f50cc6b636937d68efa5dd0",
                "sha256:0dc9f2eb2e3c97640928dec63fd8dc1dd91e6b6ed236bd5ac00332b99b5c2ff9",
                "sha256:124fd7c7bc1e95b1eafc60825f2daf67c73ce7b33f1194731240d24b0d1bf628",
                "sha256:26fcb33776857f4072601502d93e1a619f166c9c00befb52826e7b774efaa9db",
                "sha256:31ba07c54ef4a897758563e3a0fcc60077698df10180abe4b8165d9895c00ebf",
                "sha256:3c49e39ac034fd64fd576d63bb4db53cda89b362768a67f07749d55f128ac18a",
                "sha256:52bf0930903818e600ae6c2901f748bc4869c0c406056f679ab9614e5d21a166",
                "sha256:5a3f345acff76cad4aa9cb171ee76c590f37394186325d53d1aa25318b0d4a09",
                "sha256:5e7ac4e0e79a53451dc2814f6876c2fa6f71452de1498bbe29c0b54b69a986f4",
                "sha256:7242790ab6c20316b8e7bb545be48d7ed36e26bbe279fd56f2c4a12510e60b4b",
                "sha256:737bd70e454a284d456aa1fa71a0b429dd527bcbf52c5c33f7c8eee81ac16b89",
                "sha256:8635d53223b1f561b081ff4adecb828fd484b8efffe542edcfdff471997f7c39",
                "sha256:8b818b6c5a920cbe4203b5a6b14256f0e5244338244560da89b7b0f1313ea4b6",
                "sha256:8bf38641b4713d77da19e91f8b5296b832e4db87338d6aeffe422d42f1ca896d",
                "sha256:a36a48a51e5471513a5aea920cdad84cbd56d70a5057cca3499a637496ea379c",
                "sha256:b2243dd033fd02c01212ad5c601dafb44fbb293065f430b0d3dbf03f3254d615",
                "sha256:cc547d3ead3754712223abb7b403f0a184e4c3eae18c9bb7fd15adef1597cc4b",
                "sha256:cc552b6434b90d9dbed6a4f13339625dc466fd82597119897e9489c953acbc22",
                "sha256:f3790156c606299ff499ec44db422f66f05a7363b39eb9d5b064f17bd7d7c47b",
                "sha256:f7a21e3d99aa3095ef0553e7ceba36fb693998fbb1226f1392ce33681047465f",
                "sha256:fdc6b2cb4b19e431994f25a9160695cc59a4e861710cc6fc97161c5e845fc579"
            ],
            "index": "pypi",
            "version": "==5.4"
        },
        "reportlab": {
            "hashes": [
                "sha256:13ac281c8d5c904089022377bd9646c910deae63e7342dd9552088d330d73e89",
                "sha256:14f38792176e41642f9ea7a83678df156d8abb3a90bbe396425a200614eed03d",
                "sha256:15aeb8f8bdad5fa666d18a7d229bc7eb8f4e5a1dc8423931b3e690b6ce5021bc",
                "sha256:1db86072b0ec3e5f9c5ab2980c61658ae3acee86e204b0d4c48112bc5cffd2f5",
                "sha256:202109018f40d620812cf30dc300ea73385aed305d1de63c42229cb881821ffb",
                "sha256:30e82ec00c566c4d8bfdcca0b93131749cc51ea0884395054d2afedf266f3f29",
                "sha256:374252d118719e7b9b1bd0e5ce3f7083b5aaaeb1a9422983aa63b116621d34ae",
                "sha256:3c1be70cf168ed29a449a009d7cad6dcc3e45d129f7ddb07b3854b8cee8d125b",
                "sha256:45fe94e90c6b48c4ae877339b777fcc4f822795c1d4c7a0d6cffaf24987199b1",
                "sha256:536f1ebf951cd48623974ba160c95e7c7219d4aa5664cdae17dffa2f19cf1cf3",
                "sha256:54827fa29843b15834e5bc618508f245f3addee7bf980eebacfebb74f150e611",
                "sha256:55c903f8aea4fbfca26f9f821c77c576c9791ce487ddfa3ffa1f2c44c5af79e2",
                "sha256:63fba51babad0047def4ffaa41d0065248ca39d680e98dc9e3010de5425539b4",
                "sha256:6fc3f01e9005ac53d639eafe22b3852937e42161d74a7d0681bc83f48cff1b30",
                "sha256:6ff269ea41daa5cfd6124b13da1481fc40db2539fa82107dd9675f6670d95c25",
                "sha256:7711fcdb0c1edfb48dcffd7e73430e9b5ceba0816a37fd269a327cd13088bcaf",
                "sha256:7d4a59975a743eddc15895014d738bb38cbdecdd2496f651fb05779486bcb536",
                "sha256:879e1123d49e0df76c478cccdacd4a9f4a2b4b445beec3d72a05f8b3775daa84",
                "sha256:aa1ec9557c0d9dbe3eceb6581220aa1d77c404b8ff3decb40eae0bf075512142",
                "sha256:ad0d3f657addd9c4215faf2699eafd54e89e404e35d696dda9dbe3c126132900",
                "sha256:b784685141fe3fc26d8f703b21f89073a0ce46a800d06b7d58f2ceb481a65644",
                "sha256:bd0870c840d47a6639df17c54f0c5676a06ab6798bb92ed8ef9b983c0326c2d0",
                "sha256:bdb0781d1d4d1ed0745f5f22c06ed60760865511e65046432d145f55fd908f60",
                "sha256:ce04f4bf9d15895bbfee6d53eb168cffd9fcedc625f0fcb5c343d809d0b37271",
                "sha256:cf76145a89bb0ebf562c3252ce4d254547fe59daeb80ce2076d89867e9c03735",
                "sha256:e8ebb34f30a11ac4196ae83d0b4f1f87bbe326c0f8a6eb4b768e622ec7f017f5",
                "sha256:ed4b80c24a4e5e91927aa95901cce3f6fef7551e94a72ac5a2fa22740708cbff",
                "sha256:f8a8f8b62cc150f71310e444ded4e32e7136c75aced6738877c3328e84338c94",
                "sha256:fdf604246a5318157a581a483ceb0aab858582b478b24016768fdaff1c190f50"
            ],
            "version": "==3.5.66"
        },
        "requests": {
            "hashes": [
                "sha256:27973dd4a904a4f13b263a19c866c13b92a39ed1c964655f025f3f8d3d75b804",
                "sha256:c210084e36a42ae6b9219e00e48287def368a26d03a048ddad7bfee44f75871e"
            ],
            "version": "==2.25.1"
        },
        "shortuuid": {
            "hashes": [
                "sha256:3c11d2007b915c43bee3e10625f068d8a349e04f0d81f08f5fa08507427ebf1f",
                "sha256:492c7402ff91beb1342a5898bd61ea953985bf24a41cd9f247409aa2e03c8f77"
            ],
            "version": "==1.0.1"
        },
        "six": {
            "hashes": [
                "sha256:30639c035cdb23534cd4aa2dd52c3bf48f06e5f4a941509c8bafd8ce11080259",
                "sha256:8b74bedcbbbaca38ff6d7491d76f2b06b3592611af620f8426e82dddb04a5ced"
            ],
            "version": "==1.15.0"
        },
        "tablib": {
            "hashes": [
                "sha256:41aa40981cddd7ec4d1fabeae7c38d271601b306386bd05b5c3bcae13e5aeb20",
                "sha256:f83cac08454f225a34a305daa20e2110d5e6335135d505f93bc66583a5f9c10d"
            ],
            "version": "==3.0.0"
        },
        "text-unidecode": {
            "hashes": [
                "sha256:5a1375bb2ba7968740508ae38d92e1f889a0832913cb1c447d5e2046061a396d",
                "sha256:801e38bd550b943563660a91de8d4b6fa5df60a542be9093f7abf819f86050cc"
            ],
            "version": "==1.2"
        },
        "trml2pdf": {
            "hashes": [
                "sha256:b231cf040e0f2c081cee19f4913623c49b5b4e3f7c1f47dc95e453b791743c6b",
                "sha256:c825a96cf1097c0d9fcd60bb5d9885b45ee2f1d97fa68044cc497a9ef5cef794"
            ],
            "index": "pypi",
            "version": "==0.4.3"
        },
        "urllib3": {
            "hashes": [
                "sha256:2f4da4594db7e1e110a944bb1b551fdf4e6c136ad42e4234131391e21eb5b0df",
                "sha256:e7b021f7241115872f92f43c6508082facffbd1c048e3c6e2bb9c2a157e28937"
            ],
            "version": "==1.26.4"
        },
        "whitenoise": {
            "hashes": [
                "sha256:118ab3e5f815d380171b100b05b76de2a07612f422368a201a9ffdeefb2251c1",
                "sha256:42133ddd5229eeb6a0c9899496bdbe56c292394bf8666da77deeb27454c0456a"
            ],
            "index": "pypi",
            "version": "==4.1.2"
        },
        "xmltodict": {
            "hashes": [
                "sha256:50d8c638ed7ecb88d90561beedbf720c9b4e851a9fa6c47ebd64e99d166d8a21",
                "sha256:8bbcb45cc982f48b2ca8fe7e7827c5d792f217ecf1792626f808bf41c3b86051"
            ],
            "version": "==0.12.0"
        }
    },
    "develop": {
        "asgiref": {
            "hashes": [
                "sha256:5ee950735509d04eb673bd7f7120f8fa1c9e2df495394992c73234d526907e17",
                "sha256:7162a3cb30ab0609f1a4c95938fd73e8604f63bdba516a7f7d64b83ff09478f0"
            ],
            "version": "==3.3.1"
        },
        "django": {
            "hashes": [
                "sha256:0292a7ad7d8ffc9cfc6a77f043d2e81f5bbc360c0c4a1686e130ef3432437d23",
                "sha256:e89f613e3c1f7ff245ffee3560472f9fa9c07060b11f65e1de3cb763f8dcd4b9"
            ],
            "index": "pypi",
            "version": "==2.0.10"
        },
        "django-debug-toolbar": {
            "hashes": [
                "sha256:89d75b60c65db363fb24688d977e5fbf0e73386c67acf562d278402a10fc3736",
                "sha256:c2b0134119a624f4ac9398b44f8e28a01c7686ac350a12a74793f3dd57a9eea0"
            ],
            "index": "pypi",
            "version": "==1.11"
        },
        "pytz": {
            "hashes": [
                "sha256:83a4a90894bf38e243cf052c8b58f381bfe9a7a483f6a9cab140bc7f702ac4da",
                "sha256:eb10ce3e7736052ed3623d49975ce333bcd712c7bb19a58b9e2089d4057d0798"
            ],
            "version": "==2021.1"
        },
        "sqlparse": {
            "hashes": [
                "sha256:017cde379adbd6a1f15a61873f43e8274179378e95ef3fede90b5aa64d304ed0",
                "sha256:0f91fd2e829c44362cbcfab3e9ae12e22badaa8a29ad5ff599f9ec109f0454e8"
            ],
            "version": "==0.4.1"
        }
    }
}
